
Microsoft Visual Studio Solution File, Format Version 12.00
# Visual Studio Version 17
VisualStudioVersion = 17.5.33414.496
MinimumVisualStudioVersion = 10.0.40219.1
Project("{FAE04EC0-301F-11D3-BF4B-00C04F79EFBC}") = "ProyectoPrueba.WebApi", "ProyectoPrueba.WebApi\ProyectoPrueba.WebApi.csproj", "{52BFF0E5-91C0-440A-ACC1-4AAECACE5EC6}"
EndProject
Project("{FAE04EC0-301F-11D3-BF4B-00C04F79EFBC}") = "ProyectoPrueba.WepApp", "ProyectoPrueba.WepApp\ProyectoPrueba.WepApp.csproj", "{18CF42FB-CF3F-4E84-8762-999344C3262A}"
EndProject
Global
	GlobalSection(SolutionConfigurationPlatforms) = preSolution
		Debug|Any CPU = Debug|Any CPU
		Release|Any CPU = Release|Any CPU
	EndGlobalSection
	GlobalSection(ProjectConfigurationPlatforms) = postSolution
		{52BFF0E5-91C0-440A-ACC1-4AAECACE5EC6}.Debug|Any CPU.ActiveCfg = Debug|Any CPU
		{52BFF0E5-91C0-440A-ACC1-4AAECACE5EC6}.Debug|Any CPU.Build.0 = Debug|Any CPU
		{52BFF0E5-91C0-440A-ACC1-4AAECACE5EC6}.Release|Any CPU.ActiveCfg = Release|Any CPU
		{52BFF0E5-91C0-440A-ACC1-4AAECACE5EC6}.Release|Any CPU.Build.0 = Release|Any CPU
		{18CF42FB-CF3F-4E84-8762-999344C3262A}.Debug|Any CPU.ActiveCfg = Debug|Any CPU
		{18CF42FB-CF3F-4E84-8762-999344C3262A}.Debug|Any CPU.Build.0 = Debug|Any CPU
		{18CF42FB-CF3F-4E84-8762-999344C3262A}.Release|Any CPU.ActiveCfg = Release|Any CPU
		{18CF42FB-CF3F-4E84-8762-999344C3262A}.Release|Any CPU.Build.0 = Release|Any CPU
	EndGlobalSection
	GlobalSection(SolutionProperties) = preSolution
		HideSolutionNode = FALSE
	EndGlobalSection
	GlobalSection(ExtensibilityGlobals) = postSolution
		SolutionGuid = {47E60A72-BCD9-4030-AA31-3776A636FDE8}
	EndGlobalSection
EndGlobal
